PODS:
  - PalmIDNativeSDK (1.0.0):
    - SVProgressHUD (~> 2.3.1)
  - SVProgressHUD (2.3.1):
    - SVProgressHUD/Core (= 2.3.1)
  - SVProgressHUD/Core (2.3.1)

DEPENDENCIES:
  - PalmIDNativeSDK (= 1.0.0)

SPEC REPOS:
  "git@github.com:redrockbiometrics/palmid-sdk-cocopods.git":
    - PalmIDNativeSDK
  https://github.com/CocoaPods/Specs.git:
    - SVProgressHUD

SPEC CHECKSUMS:
  PalmIDNativeSDK: abc69789cfcbb1fac1882ca330f781e40119ebfc
  SVProgressHUD: 4837c74bdfe2e51e8821c397825996a8d7de6e22

PODFILE CHECKSUM: 06a2293d438be314ba97760ef4d499294fe17915

COCOAPODS: 1.16.2
